{
  "name": "fetch-json-cache",
  "version": "1.2.5",
  "lockfileVersion": 3,
  "requires": true,
  "packages": {
    "": {
      "name": "fetch-json-cache",
      "version": "1.2.5",
      "license": "MIT",
      "dependencies": {
        "get-remote": "^2.7.9",
        "mkdirp-classic": "^0.5.3",
        "queue-cb": "^1.4.6",
        "rimraf2": "^2.8.2",
        "temp-suffix": "^0.1.4"
      },
      "devDependencies": {
        "@biomejs/biome": "^1.9.4",
        "@types/mocha": "^10.0.10",
        "@types/node": "^22.10.2",
        "fs-exists-sync": "^0.1.0",
        "pinkie-promise": "^2.0.1"
      },
      "engines": {
        "node": ">=0.8"
      }
    },
    "node_modules/@biomejs/biome": {
      "version": "1.9.4",
      "resolved": "https://registry.npmjs.org/@biomejs/biome/-/biome-1.9.4.tgz",
      "integrity": "sha512-1rkd7G70+o9KkTn5KLmDYXihGoTaIGO9PIIN2ZB7UJxFrWw04CZHPYiMRjYsaDvVV7hP1dYNRLxSANLaBFGpog==",
      "dev": true,
      "hasInstallScript": true,
      "license": "MIT OR Apache-2.0",
      "bin": {
        "biome": "bin/biome"
      },
      "engines": {
        "node": ">=14.21.3"
      },
      "funding": {
        "type": "opencollective",
        "url": "https://opencollective.com/biome"
      },
      "optionalDependencies": {
        "@biomejs/cli-darwin-arm64": "1.9.4",
        "@biomejs/cli-darwin-x64": "1.9.4",
        "@biomejs/cli-linux-arm64": "1.9.4",
        "@biomejs/cli-linux-arm64-musl": "1.9.4",
        "@biomejs/cli-linux-x64": "1.9.4",
        "@biomejs/cli-linux-x64-musl": "1.9.4",
        "@biomejs/cli-win32-arm64": "1.9.4",
        "@biomejs/cli-win32-x64": "1.9.4"
      }
    },
    "node_modules/@biomejs/cli-darwin-arm64": {
      "version": "1.9.4",
      "resolved": "https://registry.npmjs.org/@biomejs/cli-darwin-arm64/-/cli-darwin-arm64-1.9.4.tgz",
      "integrity": "sha512-bFBsPWrNvkdKrNCYeAp+xo2HecOGPAy9WyNyB/jKnnedgzl4W4Hb9ZMzYNbf8dMCGmUdSavlYHiR01QaYR58cw==",
      "cpu": [
        "arm64"
      ],
      "dev": true,
      "license": "MIT OR Apache-2.0",
      "optional": true,
      "os": [
        "darwin"
      ],
      "engines": {
        "node": ">=14.21.3"
      }
    },
    "node_modules/@biomejs/cli-darwin-x64": {
      "version": "1.9.4",
      "resolved": "https://registry.npmjs.org/@biomejs/cli-darwin-x64/-/cli-darwin-x64-1.9.4.tgz",
      "integrity": "sha512-ngYBh/+bEedqkSevPVhLP4QfVPCpb+4BBe2p7Xs32dBgs7rh9nY2AIYUL6BgLw1JVXV8GlpKmb/hNiuIxfPfZg==",
      "cpu": [
        "x64"
      ],
      "dev": true,
      "license": "MIT OR Apache-2.0",
      "optional": true,
      "os": [
        "darwin"
      ],
      "engines": {
        "node": ">=14.21.3"
      }
    },
    "node_modules/@biomejs/cli-linux-arm64": {
      "version": "1.9.4",
      "resolved": "https://registry.npmjs.org/@biomejs/cli-linux-arm64/-/cli-linux-arm64-1.9.4.tgz",
      "integrity": "sha512-fJIW0+LYujdjUgJJuwesP4EjIBl/N/TcOX3IvIHJQNsAqvV2CHIogsmA94BPG6jZATS4Hi+xv4SkBBQSt1N4/g==",
      "cpu": [
        "arm64"
      ],
      "dev": true,
      "license": "MIT OR Apache-2.0",
      "optional": true,
      "os": [
        "linux"
      ],
      "engines": {
        "node": ">=14.21.3"
      }
    },
    "node_modules/@biomejs/cli-linux-arm64-musl": {
      "version": "1.9.4",
      "resolved": "https://registry.npmjs.org/@biomejs/cli-linux-arm64-musl/-/cli-linux-arm64-musl-1.9.4.tgz",
      "integrity": "sha512-v665Ct9WCRjGa8+kTr0CzApU0+XXtRgwmzIf1SeKSGAv+2scAlW6JR5PMFo6FzqqZ64Po79cKODKf3/AAmECqA==",
      "cpu": [
        "arm64"
      ],
      "dev": true,
      "license": "MIT OR Apache-2.0",
      "optional": true,
      "os": [
        "linux"
      ],
      "engines": {
        "node": ">=14.21.3"
      }
    },
    "node_modules/@biomejs/cli-linux-x64": {
      "version": "1.9.4",
      "resolved": "https://registry.npmjs.org/@biomejs/cli-linux-x64/-/cli-linux-x64-1.9.4.tgz",
      "integrity": "sha512-lRCJv/Vi3Vlwmbd6K+oQ0KhLHMAysN8lXoCI7XeHlxaajk06u7G+UsFSO01NAs5iYuWKmVZjmiOzJ0OJmGsMwg==",
      "cpu": [
        "x64"
      ],
      "dev": true,
      "license": "MIT OR Apache-2.0",
      "optional": true,
      "os": [
        "linux"
      ],
      "engines": {
        "node": ">=14.21.3"
      }
    },
    "node_modules/@biomejs/cli-linux-x64-musl": {
      "version": "1.9.4",
      "resolved": "https://registry.npmjs.org/@biomejs/cli-linux-x64-musl/-/cli-linux-x64-musl-1.9.4.tgz",
      "integrity": "sha512-gEhi/jSBhZ2m6wjV530Yy8+fNqG8PAinM3oV7CyO+6c3CEh16Eizm21uHVsyVBEB6RIM8JHIl6AGYCv6Q6Q9Tg==",
      "cpu": [
        "x64"
      ],
      "dev": true,
      "license": "MIT OR Apache-2.0",
      "optional": true,
      "os": [
        "linux"
      ],
      "engines": {
        "node": ">=14.21.3"
      }
    },
    "node_modules/@biomejs/cli-win32-arm64": {
      "version": "1.9.4",
      "resolved": "https://registry.npmjs.org/@biomejs/cli-win32-arm64/-/cli-win32-arm64-1.9.4.tgz",
      "integrity": "sha512-tlbhLk+WXZmgwoIKwHIHEBZUwxml7bRJgk0X2sPyNR3S93cdRq6XulAZRQJ17FYGGzWne0fgrXBKpl7l4M87Hg==",
      "cpu": [
        "arm64"
      ],
      "dev": true,
      "license": "MIT OR Apache-2.0",
      "optional": true,
      "os": [
        "win32"
      ],
      "engines": {
        "node": ">=14.21.3"
      }
    },
    "node_modules/@biomejs/cli-win32-x64": {
      "version": "1.9.4",
      "resolved": "https://registry.npmjs.org/@biomejs/cli-win32-x64/-/cli-win32-x64-1.9.4.tgz",
      "integrity": "sha512-8Y5wMhVIPaWe6jw2H+KlEm4wP/f7EW3810ZLmDlrEEy5KvBsb9ECEfu/kMWD484ijfQ8+nIi0giMgu9g1UAuuA==",
      "cpu": [
        "x64"
      ],
      "dev": true,
      "license": "MIT OR Apache-2.0",
      "optional": true,
      "os": [
        "win32"
      ],
      "engines": {
        "node": ">=14.21.3"
      }
    },
    "node_modules/@types/mocha": {
      "version": "10.0.10",
      "resolved": "https://registry.npmjs.org/@types/mocha/-/mocha-10.0.10.tgz",
      "integrity": "sha512-xPyYSz1cMPnJQhl0CLMH68j3gprKZaTjG3s5Vi+fDgx+uhG9NOXwbVt52eFS8ECyXhyKcjDLCBEqBExKuiZb7Q==",
      "dev": true,
      "license": "MIT"
    },
    "node_modules/@types/node": {
      "version": "22.10.5",
      "resolved": "https://registry.npmjs.org/@types/node/-/node-22.10.5.tgz",
      "integrity": "sha512-F8Q+SeGimwOo86fiovQh8qiXfFEh2/ocYv7tU5pJ3EXMSSxk1Joj5wefpFK2fHTf/N6HKGSxIDBT9f3gCxXPkQ==",
      "dev": true,
      "license": "MIT",
      "dependencies": {
        "undici-types": "~6.20.0"
      }
    },
    "node_modules/async-compat": {
      "version": "1.8.3",
      "resolved": "https://registry.npmjs.org/async-compat/-/async-compat-1.8.3.tgz",
      "integrity": "sha512-68OtIX3XbErsHcLBhMJ8BTCDe2kjmQ450I5MQeW8S2rIlIA3Ttlrh3DO0G2eCRKLdlZrfNZA+mnXv89/t7WfXA==",
      "license": "MIT",
      "dependencies": {
        "is-error": "^2.0.0",
        "is-promise": "^4.0.0"
      },
      "engines": {
        "node": ">=0.8"
      }
    },
    "node_modules/content-disposition": {
      "version": "1.0.0",
      "resolved": "https://registry.npmjs.org/content-disposition/-/content-disposition-1.0.0.tgz",
      "integrity": "sha512-Au9nRL8VNUut/XSzbQA38+M78dzP4D+eqg3gfJHMIHHYa3bg067xj1KxMUWj+VULbiZMowKngFFbKczUrNJ1mg==",
      "license": "MIT",
      "dependencies": {
        "safe-buffer": "5.2.1"
      },
      "engines": {
        "node": ">= 0.6"
      }
    },
    "node_modules/core-util-is": {
      "version": "1.0.3",
      "resolved": "https://registry.npmjs.org/core-util-is/-/core-util-is-1.0.3.tgz",
      "integrity": "sha512-ZQBvi1DcpJ4GDqanjucZ2Hj3wEO5pZDS89BWbkcrvdxksJorwUDDZamX9ldFkp9aw2lmBDLgkObEA4DWNJ9FYQ==",
      "license": "MIT"
    },
    "node_modules/end-of-stream": {
      "version": "1.4.4",
      "resolved": "https://registry.npmjs.org/end-of-stream/-/end-of-stream-1.4.4.tgz",
      "integrity": "sha512-+uw1inIHVPQoaVuHzRyXd21icM+cnt4CzD5rW+NC1wjOUSTOs+Te7FOv7AhN7vS9x/oIyhLP5PR1H+phQAHu5Q==",
      "license": "MIT",
      "dependencies": {
        "once": "^1.4.0"
      }
    },
    "node_modules/env-path-key": {
      "version": "1.1.9",
      "resolved": "https://registry.npmjs.org/env-path-key/-/env-path-key-1.1.9.tgz",
      "integrity": "sha512-IPLl9sj2Kog/tVB3Tcx5jzh4v/HdAhe9KaAho6LA7lUUpA1VBUkAPIN+0Q1wST67h9pKnWBkZFrXrG2X3o7auw==",
      "license": "MIT",
      "engines": {
        "node": ">=0.8"
      }
    },
    "node_modules/exit-compat": {
      "version": "1.0.5",
      "resolved": "https://registry.npmjs.org/exit-compat/-/exit-compat-1.0.5.tgz",
      "integrity": "sha512-NC40s361jjMeSfQpm3fOEBo7HXPnf5kAnWVFhOGQeOh/Daqxq4E/xZuISZYdrd4Y7MV3h9/IjQ1Wd1OfOcWHAQ==",
      "license": "MIT",
      "engines": {
        "node": ">=0.8"
      }
    },
    "node_modules/fs-exists-sync": {
      "version": "0.1.0",
      "resolved": "https://registry.npmjs.org/fs-exists-sync/-/fs-exists-sync-0.1.0.tgz",
      "integrity": "sha512-cR/vflFyPZtrN6b38ZyWxpWdhlXrzZEBawlpBQMq7033xVY7/kg0GDMBK5jg8lDYQckdJ5x/YC88lM3C7VMsLg==",
      "dev": true,
      "license": "MIT",
      "engines": {
        "node": ">=0.10.0"
      }
    },
    "node_modules/fs-remove-compat": {
      "version": "1.0.4",
      "resolved": "https://registry.npmjs.org/fs-remove-compat/-/fs-remove-compat-1.0.4.tgz",
      "integrity": "sha512-N93irRgN5p53v139fjGkEstcHSjJyVjodhJrpuWZzoouJS6HTjk8qCOLFCAUS+5WiCgnjJMKLeyZ/xmBbrPzwQ==",
      "license": "MIT",
      "engines": {
        "node": ">=0.8"
      }
    },
    "node_modules/function-exec-sync": {
      "version": "2.1.2",
      "resolved": "https://registry.npmjs.org/function-exec-sync/-/function-exec-sync-2.1.2.tgz",
      "integrity": "sha512-P6b43lGGxclLUENvZIolXOlAkcy4CypYeBrZnMCd1z3gylDWUt3GG3YYRvfvhy/x7b6sG2wrdjxPPqIU0qCrFg==",
      "license": "MIT",
      "dependencies": {
        "async-compat": "^1.4.6",
        "mkdirp-classic": "^0.5.2",
        "module-compat": "^0.1.0",
        "os-shim": "^0.1.0",
        "randombytes": "^2.1.0",
        "short-hash": "^1.0.0",
        "temp-suffix": "^1.0.10",
        "thread-sleep-compat": "^1.1.6"
      },
      "engines": {
        "node": ">=0.8"
      }
    },
    "node_modules/function-exec-sync/node_modules/temp-suffix": {
      "version": "1.0.10",
      "resolved": "https://registry.npmjs.org/temp-suffix/-/temp-suffix-1.0.10.tgz",
      "integrity": "sha512-07MesCdrSsHgNDINYm3uc23O43XIqgdWX73gUswWsgYbEaBlLq1dLJVA2RlD9IznjppeXhMJh6vufBvQdbQvGQ==",
      "license": "MIT",
      "dependencies": {
        "imurmurhash": "^0.1.4"
      },
      "engines": {
        "node": ">=0.8"
      }
    },
    "node_modules/get-file-compat": {
      "version": "2.3.4",
      "resolved": "https://registry.npmjs.org/get-file-compat/-/get-file-compat-2.3.4.tgz",
      "integrity": "sha512-o4il267gJEGxPqc42wwEEa1qGMpDBH5ibQ8ccUydaxPVwiAqvwvInzLYYpOYPDF27nMGjkVIFXreDOBrGrfHxg==",
      "license": "MIT",
      "dependencies": {
        "mkdirp-classic": "^0.5.2",
        "node-version-call-local": "^1.0.0",
        "on-one": "^1.0.0",
        "pump": "^3.0.0"
      },
      "engines": {
        "node": ">=0.8"
      }
    },
    "node_modules/get-remote": {
      "version": "2.7.9",
      "resolved": "https://registry.npmjs.org/get-remote/-/get-remote-2.7.9.tgz",
      "integrity": "sha512-Vm80FqUdFJmZsBOgdqVXViWRVPICF/yI5a81xA+bx31zI9PcjZQE/JYuwGqNCeW4YqoNVakk4naW9V2AGVZW/g==",
      "license": "MIT",
      "dependencies": {
        "content-disposition": "1.0.0",
        "fs-remove-compat": "^1.0.0",
        "get-file-compat": "^2.0.0",
        "mkdirp-classic": "^0.5.2",
        "on-one": "^1.0.10",
        "os-shim": "^0.1.3",
        "progress-stream": "^2.0.0",
        "pump": "^3.0.0",
        "readable-stream": "^2.0.2",
        "temp-suffix": "^1.0.10"
      },
      "engines": {
        "node": ">=0.8"
      }
    },
    "node_modules/get-remote/node_modules/temp-suffix": {
      "version": "1.0.10",
      "resolved": "https://registry.npmjs.org/temp-suffix/-/temp-suffix-1.0.10.tgz",
      "integrity": "sha512-07MesCdrSsHgNDINYm3uc23O43XIqgdWX73gUswWsgYbEaBlLq1dLJVA2RlD9IznjppeXhMJh6vufBvQdbQvGQ==",
      "license": "MIT",
      "dependencies": {
        "imurmurhash": "^0.1.4"
      },
      "engines": {
        "node": ">=0.8"
      }
    },
    "node_modules/hash-string": {
      "version": "1.0.0",
      "resolved": "https://registry.npmjs.org/hash-string/-/hash-string-1.0.0.tgz",
      "integrity": "sha512-dtNNyxXobzHavayZwOwRWhBTqS9GX4jDjIMsGc0fDyaN2A+4zMn5Ua9ODDCggN6w3Spma6mAHL3ImmW3BkWDmQ==",
      "license": "ISC"
    },
    "node_modules/homedir-polyfill": {
      "version": "1.0.3",
      "resolved": "https://registry.npmjs.org/homedir-polyfill/-/homedir-polyfill-1.0.3.tgz",
      "integrity": "sha512-eSmmWE5bZTK2Nou4g0AI3zZ9rswp7GRKoKXS1BLUkvPviOqs4YTN1djQIqrXy9k5gEtdLPy86JjRwsNM9tnDcA==",
      "license": "MIT",
      "dependencies": {
        "parse-passwd": "^1.0.0"
      },
      "engines": {
        "node": ">=0.10.0"
      }
    },
    "node_modules/imurmurhash": {
      "version": "0.1.4",
      "resolved": "https://registry.npmjs.org/imurmurhash/-/imurmurhash-0.1.4.tgz",
      "integrity": "sha512-JmXMZ6wuvDmLiHEml9ykzqO6lwFbof0GG4IkcGaENdCRDDmMVnny7s5HsIgHCbaq0w2MyPhDqkhTUgS2LU2PHA==",
      "license": "MIT",
      "engines": {
        "node": ">=0.8.19"
      }
    },
    "node_modules/inherits": {
      "version": "2.0.4",
      "resolved": "https://registry.npmjs.org/inherits/-/inherits-2.0.4.tgz",
      "integrity": "sha512-k/vGaX4/Yla3WzyMCvTQOXYeIHvqOKtnqBduzTHpzpQZzAskKMhZ2K+EnBiSM9zGSoIFeMpXKxa4dYeZIQqewQ==",
      "license": "ISC"
    },
    "node_modules/is-error": {
      "version": "2.2.2",
      "resolved": "https://registry.npmjs.org/is-error/-/is-error-2.2.2.tgz",
      "integrity": "sha512-IOQqts/aHWbiisY5DuPJQ0gcbvaLFCa7fBa9xoLfxBZvQ+ZI/Zh9xoI7Gk+G64N0FdK4AbibytHht2tWgpJWLg==",
      "license": "MIT"
    },
    "node_modules/is-promise": {
      "version": "4.0.0",
      "resolved": "https://registry.npmjs.org/is-promise/-/is-promise-4.0.0.tgz",
      "integrity": "sha512-hvpoI6korhJMnej285dSg6nu1+e6uxs7zG3BYAm5byqDsgJNWwxzM6z6iZiAgQR4TJ30JmBTOwqZUw3WlyH3AQ==",
      "license": "MIT"
    },
    "node_modules/isarray": {
      "version": "1.0.0",
      "resolved": "https://registry.npmjs.org/isarray/-/isarray-1.0.0.tgz",
      "integrity": "sha512-VLghIWNM6ELQzo7zwmcg0NmTVyWKYjvIeM83yjp0wRDTmUnrM678fQbcKBo6n2CJEF0szoG//ytg+TKla89ALQ==",
      "license": "MIT"
    },
    "node_modules/mkdirp-classic": {
      "version": "0.5.3",
      "resolved": "https://registry.npmjs.org/mkdirp-classic/-/mkdirp-classic-0.5.3.tgz",
      "integrity": "sha512-gKLcREMhtuZRwRAfqP3RFW+TK4JqApVBtOIftVgjuABpAtpxhPGaDcfvbhNvD0B8iD1oUr/txX35NjcaY6Ns/A==",
      "license": "MIT"
    },
    "node_modules/module-compat": {
      "version": "0.1.2",
      "resolved": "https://registry.npmjs.org/module-compat/-/module-compat-0.1.2.tgz",
      "integrity": "sha512-SoZCp5V6fsax8TR7hBHlgSEChreSg5E3qLm5Y2iaYYWwm/H+Dbn50LfAUoBoU9ocg/8kq/rPiN3joFbNHtzy/A==",
      "license": "MIT",
      "dependencies": {
        "module-root-sync": "*"
      },
      "engines": {
        "node": ">=0.8"
      }
    },
    "node_modules/module-root-sync": {
      "version": "2.0.3",
      "resolved": "https://registry.npmjs.org/module-root-sync/-/module-root-sync-2.0.3.tgz",
      "integrity": "sha512-hMyXdC6gPqFcaWopx3d+TAAxPPyW/KclJB4OGcoIrbXDQZXRbCyz5w5cXCdkwcOBWG6PsTfvDvB0+oMdCbEYlQ==",
      "license": "MIT",
      "engines": {
        "node": ">=0.8"
      }
    },
    "node_modules/node-exec-path": {
      "version": "1.2.2",
      "resolved": "https://registry.npmjs.org/node-exec-path/-/node-exec-path-1.2.2.tgz",
      "integrity": "sha512-dFiDnvcEMb5p3e74TK56rDBrYMEioBZL+D82slm9Q43Fr5pGDO+VQcdbKv2yIvcQoPSso2Ps4lHwn/8JOZvIcA==",
      "license": "MIT",
      "dependencies": {
        "env-path-key": "^1.0.0",
        "function-exec-sync": "^2.0.1",
        "semver": "5.7.2"
      },
      "engines": {
        "node": ">=0.8"
      }
    },
    "node_modules/node-version-call-local": {
      "version": "1.1.3",
      "resolved": "https://registry.npmjs.org/node-version-call-local/-/node-version-call-local-1.1.3.tgz",
      "integrity": "sha512-VFxzpUqzDPRYG9moaS0KAPIOYW1F307HCZDlsDL8ebD+2RFAdxc2rVjRqac++1tZ1d/iz852HXn49DtvoCWGuw==",
      "license": "MIT",
      "dependencies": {
        "env-path-key": "^1.0.0",
        "function-exec-sync": "^2.0.0",
        "module-compat": "^0.1.0",
        "node-exec-path": "^1.0.0",
        "node-version-utils": "^1.0.2",
        "semver": "5.7.2"
      },
      "engines": {
        "node": ">=0.8"
      }
    },
    "node_modules/node-version-utils": {
      "version": "1.3.20",
      "resolved": "https://registry.npmjs.org/node-version-utils/-/node-version-utils-1.3.20.tgz",
      "integrity": "sha512-ao1bU5SrfET6i8i4ZqU076NthKBzYqFtgcvPABmZsDdTYOL8OS0pbX8dz/DxQ8UhiiUUP4V11XbgmOTLiNxy+w==",
      "license": "MIT",
      "dependencies": {
        "env-path-key": "^1.0.0",
        "path-string-prepend": "^1.0.0"
      },
      "engines": {
        "node": ">=0.8"
      }
    },
    "node_modules/on-one": {
      "version": "1.1.2",
      "resolved": "https://registry.npmjs.org/on-one/-/on-one-1.1.2.tgz",
      "integrity": "sha512-pec3p/gFnORsY8XIstQkruPpM7AlUODyMuYkVyG/jr9wlmaO8dfm0ubn596KGjlOYOMr1aWjYkhjHmV192bv5A==",
      "license": "MIT",
      "engines": {
        "node": ">=0.8"
      }
    },
    "node_modules/once": {
      "version": "1.4.0",
      "resolved": "https://registry.npmjs.org/once/-/once-1.4.0.tgz",
      "integrity": "sha512-lNaJgI+2Q5URQBkccEKHTQOPaXdUxnZZElQTZY0MFUAuaEqe1E+Nyvgdz/aIyNi6Z9MzO5dv1H8n58/GELp3+w==",
      "license": "ISC",
      "dependencies": {
        "wrappy": "1"
      }
    },
    "node_modules/os-shim": {
      "version": "0.1.3",
      "resolved": "https://registry.npmjs.org/os-shim/-/os-shim-0.1.3.tgz",
      "integrity": "sha512-jd0cvB8qQ5uVt0lvCIexBaROw1KyKm5sbulg2fWOHjETisuCzWyt+eTZKEMs8v6HwzoGs8xik26jg7eCM6pS+A==",
      "engines": {
        "node": ">= 0.4.0"
      }
    },
    "node_modules/parse-passwd": {
      "version": "1.0.0",
      "resolved": "https://registry.npmjs.org/parse-passwd/-/parse-passwd-1.0.0.tgz",
      "integrity": "sha512-1Y1A//QUXEZK7YKz+rD9WydcE1+EuPr6ZBgKecAB8tmoW6UFv0NREVJe1p+jRxtThkcbbKkfwIbWJe/IeE6m2Q==",
      "license": "MIT",
      "engines": {
        "node": ">=0.10.0"
      }
    },
    "node_modules/path-string-prepend": {
      "version": "1.1.9",
      "resolved": "https://registry.npmjs.org/path-string-prepend/-/path-string-prepend-1.1.9.tgz",
      "integrity": "sha512-G4oHNFAn2rbYtDRMQqDFvRo08+EYmDPN2bXvHvJvKISBrq0u3qqYxYc6vKqDTMDXbh06mySygSSpDMwNgqHsSw==",
      "license": "MIT",
      "engines": {
        "node": ">=0.8"
      }
    },
    "node_modules/pinkie": {
      "version": "2.0.4",
      "resolved": "https://registry.npmjs.org/pinkie/-/pinkie-2.0.4.tgz",
      "integrity": "sha512-MnUuEycAemtSaeFSjXKW/aroV7akBbY+Sv+RkyqFjgAe73F+MR0TBWKBRDkmfWq/HiFmdavfZ1G7h4SPZXaCSg==",
      "dev": true,
      "license": "MIT",
      "engines": {
        "node": ">=0.10.0"
      }
    },
    "node_modules/pinkie-promise": {
      "version": "2.0.1",
      "resolved": "https://registry.npmjs.org/pinkie-promise/-/pinkie-promise-2.0.1.tgz",
      "integrity": "sha512-0Gni6D4UcLTbv9c57DfxDGdr41XfgUjqWZu492f0cIGr16zDU06BWP/RAEvOuo7CQ0CNjHaLlM59YJJFm3NWlw==",
      "dev": true,
      "license": "MIT",
      "dependencies": {
        "pinkie": "^2.0.0"
      },
      "engines": {
        "node": ">=0.10.0"
      }
    },
    "node_modules/process-nextick-args": {
      "version": "2.0.1",
      "resolved": "https://registry.npmjs.org/process-nextick-args/-/process-nextick-args-2.0.1.tgz",
      "integrity": "sha512-3ouUOpQhtgrbOa17J7+uxOTpITYWaGP7/AhoR3+A+/1e9skrzelGi/dXzEYyvbxubEF6Wn2ypscTKiKJFFn1ag==",
      "license": "MIT"
    },
    "node_modules/progress-stream": {
      "version": "2.0.0",
      "resolved": "https://registry.npmjs.org/progress-stream/-/progress-stream-2.0.0.tgz",
      "integrity": "sha512-xJwOWR46jcXUq6EH9yYyqp+I52skPySOeHfkxOZ2IY1AiBi/sFJhbhAKHoV3OTw/omQ45KTio9215dRJ2Yxd3Q==",
      "license": "BSD-2-Clause",
      "dependencies": {
        "speedometer": "~1.0.0",
        "through2": "~2.0.3"
      }
    },
    "node_modules/pump": {
      "version": "3.0.2",
      "resolved": "https://registry.npmjs.org/pump/-/pump-3.0.2.tgz",
      "integrity": "sha512-tUPXtzlGM8FE3P0ZL6DVs/3P58k9nk8/jZeQCurTJylQA8qFYzHFfhBJkuqyE0FifOsQ0uKWekiZ5g8wtr28cw==",
      "license": "MIT",
      "dependencies": {
        "end-of-stream": "^1.1.0",
        "once": "^1.3.1"
      }
    },
    "node_modules/queue-cb": {
      "version": "1.4.6",
      "resolved": "https://registry.npmjs.org/queue-cb/-/queue-cb-1.4.6.tgz",
      "integrity": "sha512-0LZYd6Sb+S9Uce/LKgVUYhR8vltQxb4k76nw8uMuvxXQfCiRLf120xFmrS6o/8QfbD6yDCkVF46CoQ9IlCSt9A==",
      "license": "MIT",
      "engines": {
        "node": ">=0.8"
      }
    },
    "node_modules/randombytes": {
      "version": "2.1.0",
      "resolved": "https://registry.npmjs.org/randombytes/-/randombytes-2.1.0.tgz",
      "integrity": "sha512-vYl3iOX+4CKUWuxGi9Ukhie6fsqXqS9FE2Zaic4tNFD2N2QQaXOMFbuKK4QmDHC0JO6B1Zp41J0LpT0oR68amQ==",
      "license": "MIT",
      "dependencies": {
        "safe-buffer": "^5.1.0"
      }
    },
    "node_modules/readable-stream": {
      "version": "2.3.8",
      "resolved": "https://registry.npmjs.org/readable-stream/-/readable-stream-2.3.8.tgz",
      "integrity": "sha512-8p0AUk4XODgIewSi0l8Epjs+EVnWiK7NoDIEGU0HhE7+ZyY8D1IMY7odu5lRrFXGg71L15KG8QrPmum45RTtdA==",
      "license": "MIT",
      "dependencies": {
        "core-util-is": "~1.0.0",
        "inherits": "~2.0.3",
        "isarray": "~1.0.0",
        "process-nextick-args": "~2.0.0",
        "safe-buffer": "~5.1.1",
        "string_decoder": "~1.1.1",
        "util-deprecate": "~1.0.1"
      }
    },
    "node_modules/readable-stream/node_modules/safe-buffer": {
      "version": "5.1.2",
      "resolved": "https://registry.npmjs.org/safe-buffer/-/safe-buffer-5.1.2.tgz",
      "integrity": "sha512-Gd2UZBJDkXlY7GbJxfsE8/nvKkUEU1G38c1siN6QP6a9PT9MmHB8GnpscSmMJSoF8LOIrt8ud/wPtojys4G6+g==",
      "license": "MIT"
    },
    "node_modules/rimraf2": {
      "version": "2.8.2",
      "resolved": "https://registry.npmjs.org/rimraf2/-/rimraf2-2.8.2.tgz",
      "integrity": "sha512-Bz7P3Zu6lEpek5LduIqg5A2mRu8kCllR+rGYofqq9bRRiHC9m+Py/EiINPt9iu/XOqQ//Q++XSka7EwL3K3Chw==",
      "license": "ISC",
      "bin": {
        "rimraf2": "bin.js"
      },
      "peerDependencies": {
        "glob": "*"
      },
      "peerDependenciesMeta": {
        "glob": {
          "optional": true
        }
      }
    },
    "node_modules/safe-buffer": {
      "version": "5.2.1",
      "resolved": "https://registry.npmjs.org/safe-buffer/-/safe-buffer-5.2.1.tgz",
      "integrity": "sha512-rp3So07KcdmmKbGvgaNxQSJr7bGVSVk5S9Eq1F+ppbRo70+YeaDxkw5Dd8NPN+GD6bjnYm2VuPuCXmpuYvmCXQ==",
      "funding": [
        {
          "type": "github",
          "url": "https://github.com/sponsors/feross"
        },
        {
          "type": "patreon",
          "url": "https://www.patreon.com/feross"
        },
        {
          "type": "consulting",
          "url": "https://feross.org/support"
        }
      ],
      "license": "MIT"
    },
    "node_modules/semver": {
      "version": "5.7.2",
      "resolved": "https://registry.npmjs.org/semver/-/semver-5.7.2.tgz",
      "integrity": "sha512-cBznnQ9KjJqU67B52RMC65CMarK2600WFnbkcaiwWq3xy/5haFJlshgnpjovMVJ+Hff49d8GEn0b87C5pDQ10g==",
      "license": "ISC",
      "bin": {
        "semver": "bin/semver"
      }
    },
    "node_modules/short-hash": {
      "version": "1.0.0",
      "resolved": "https://registry.npmjs.org/short-hash/-/short-hash-1.0.0.tgz",
      "integrity": "sha512-qbUCD2Pkl4IXRyVqneEjGnUr0NGDGLzZnBUVGJngIQZf/FrhOL0yJhH+JQzak0t8xMmScIKpoX1SxOsPHdwa4w==",
      "license": "MIT",
      "dependencies": {
        "hash-string": "^1.0.0"
      }
    },
    "node_modules/speedometer": {
      "version": "1.0.0",
      "resolved": "https://registry.npmjs.org/speedometer/-/speedometer-1.0.0.tgz",
      "integrity": "sha512-lgxErLl/7A5+vgIIXsh9MbeukOaCb2axgQ+bKCdIE+ibNT4XNYGNCR1qFEGq6F+YDASXK3Fh/c5FgtZchFolxw==",
      "license": "MIT"
    },
    "node_modules/string_decoder": {
      "version": "1.1.1",
      "resolved": "https://registry.npmjs.org/string_decoder/-/string_decoder-1.1.1.tgz",
      "integrity": "sha512-n/ShnvDi6FHbbVfviro+WojiFzv+s8MPMHBczVePfUpDJLwoLT0ht1l4YwBCbi8pJAveEEdnkHyPyTP/mzRfwg==",
      "license": "MIT",
      "dependencies": {
        "safe-buffer": "~5.1.0"
      }
    },
    "node_modules/string_decoder/node_modules/safe-buffer": {
      "version": "5.1.2",
      "resolved": "https://registry.npmjs.org/safe-buffer/-/safe-buffer-5.1.2.tgz",
      "integrity": "sha512-Gd2UZBJDkXlY7GbJxfsE8/nvKkUEU1G38c1siN6QP6a9PT9MmHB8GnpscSmMJSoF8LOIrt8ud/wPtojys4G6+g==",
      "license": "MIT"
    },
    "node_modules/temp-suffix": {
      "version": "0.1.4",
      "resolved": "https://registry.npmjs.org/temp-suffix/-/temp-suffix-0.1.4.tgz",
      "integrity": "sha512-VKu8C1vhrciZsVMM85X3tjx5D6/9x4ylGA8loqr4M28ZS1FwgnspDFct/EVx4T+Ny+dDjfn4Y5a/XRCZw4gpyA==",
      "license": "MIT",
      "dependencies": {
        "imurmurhash": "^0.1.4"
      },
      "engines": {
        "node": ">=0.8"
      }
    },
    "node_modules/thread-sleep": {
      "version": "2.2.0",
      "resolved": "https://registry.npmjs.org/thread-sleep/-/thread-sleep-2.2.0.tgz",
      "integrity": "sha512-C3zZbh9fL7c/+N8mFZ82+uK+dj0q6bSUORwhSe4icwd0xERndhB+ldw4JdejGC3Cbn1DRXlLJ/w859CQdvYV9w==",
      "license": "MIT",
      "engines": {
        "node": ">=0.11.12"
      }
    },
    "node_modules/thread-sleep-compat": {
      "version": "1.3.2",
      "resolved": "https://registry.npmjs.org/thread-sleep-compat/-/thread-sleep-compat-1.3.2.tgz",
      "integrity": "sha512-OtHKyE6FAnKeEMBvMzxg07dSBR0rhPy9GbLh1YqMNn1vtYD2QyDJMcnyyqAYdJSdZ1M95/SHqjm+wd9024sC7g==",
      "hasInstallScript": true,
      "license": "MIT",
      "dependencies": {
        "exit-compat": "^1.0.0",
        "homedir-polyfill": "^1.0.3",
        "mkdirp-classic": "^0.5.2",
        "os-shim": "^0.1.3",
        "thread-sleep": "^2.2.0"
      },
      "engines": {
        "node": ">=0.8"
      }
    },
    "node_modules/through2": {
      "version": "2.0.5",
      "resolved": "https://registry.npmjs.org/through2/-/through2-2.0.5.tgz",
      "integrity": "sha512-/mrRod8xqpA+IHSLyGCQ2s8SPHiCDEeQJSep1jqLYeEUClOFG2Qsh+4FU6G9VeqpZnGW/Su8LQGc4YKni5rYSQ==",
      "license": "MIT",
      "dependencies": {
        "readable-stream": "~2.3.6",
        "xtend": "~4.0.1"
      }
    },
    "node_modules/undici-types": {
      "version": "6.20.0",
      "resolved": "https://registry.npmjs.org/undici-types/-/undici-types-6.20.0.tgz",
      "integrity": "sha512-Ny6QZ2Nju20vw1SRHe3d9jVu6gJ+4e3+MMpqu7pqE5HT6WsTSlce++GQmK5UXS8mzV8DSYHrQH+Xrf2jVcuKNg==",
      "dev": true,
      "license": "MIT"
    },
    "node_modules/util-deprecate": {
      "version": "1.0.2",
      "resolved": "https://registry.npmjs.org/util-deprecate/-/util-deprecate-1.0.2.tgz",
      "integrity": "sha512-EPD5q1uXyFxJpCrLnCc1nHnq3gOa6DZBocAIiI2TaSCA7VCJ1UJDMagCzIkXNsUYfD1daK//LTEQ8xiIbrHtcw==",
      "license": "MIT"
    },
    "node_modules/wrappy": {
      "version": "1.0.2",
      "resolved": "https://registry.npmjs.org/wrappy/-/wrappy-1.0.2.tgz",
      "integrity": "sha512-l4Sp/DRseor9wL6EvV2+TuQn63dMkPjZ/sp9XkghTEbV9KlPS1xUsZ3u7/IQO4wxtcFB4bgpQPRcR3QCvezPcQ==",
      "license": "ISC"
    },
    "node_modules/xtend": {
      "version": "4.0.2",
      "resolved": "https://registry.npmjs.org/xtend/-/xtend-4.0.2.tgz",
      "integrity": "sha512-LKYU1iAXJXUgAXn9URjiu+MWhyUXHsvfp7mcuYm9dSUKK0/CjtrUwFAxD82/mCWbtLsGjFIad0wIsod4zrTAEQ==",
      "license": "MIT",
      "engines": {
        "node": ">=0.4"
      }
    }
  }
}
